
Microsoft Visual Studio Solution File, Format Version 12.00
# Visual Studio Version 17
VisualStudioVersion = 17.0.31903.59
MinimumVisualStudioVersion = 10.0.40219.1
Project("{2150E333-8FDC-42A3-9474-1A3956D46DE8}") = "src", "src", "{4E5D3DA4-B5D3-4BFA-9A49-BE841D3FBB24}"
EndProject
Project("{2150E333-8FDC-42A3-9474-1A3956D46DE8}") = "Models", "Models", "{BFF04E94-20A9-4DF9-AFBA-BBE4D19BC032}"
EndProject
Project("{FAE04EC0-301F-11D3-BF4B-00C04F79EFBC}") = "BE.Models", "src\Models\BE.Models\BE.Models.csproj", "{B1FE8CF1-F1C1-4C7A-A8FB-6181EA772A31}"
EndProject
Project("{2150E333-8FDC-42A3-9474-1A3956D46DE8}") = "Repository", "Repository", "{332053DD-83A6-4AB3-90EA-FC76122C08F9}"
EndProject
Project("{FAE04EC0-301F-11D3-BF4B-00C04F79EFBC}") = "BE.Repository", "src\Repository\BE.Repository\BE.Repository.csproj", "{B145B766-81DC-460B-9788-02C42D357949}"
EndProject
Project("{FAE04EC0-301F-11D3-BF4B-00C04F79EFBC}") = "BE.Repository.Contract", "src\Repository\BE.Repository.Contract\BE.Repository.Contract.csproj", "{5F9DC0EA-5386-4B68-8BA8-199B91B5E587}"
EndProject
Project("{2150E333-8FDC-42A3-9474-1A3956D46DE8}") = "Domain", "Domain", "{AEB7E12A-FBEC-4C30-AA6B-A3D2726188C4}"
EndProject
Project("{FAE04EC0-301F-11D3-BF4B-00C04F79EFBC}") = "BE.Domain", "src\Domain\BE.Domain\BE.Domain.csproj", "{659C435B-96D8-4CF4-B023-C19DF1CC6F3B}"
EndProject
Project("{FAE04EC0-301F-11D3-BF4B-00C04F79EFBC}") = "BE.Domain.Contract", "src\Domain\BE.Domain.Contract\BE.Domain.Contract.csproj", "{AE6DCB1A-5621-4CD2-86D2-0A17748A2E6D}"
EndProject
Project("{2150E333-8FDC-42A3-9474-1A3956D46DE8}") = "Services", "Services", "{692C887A-0150-438D-A6CD-E42E250E3E0F}"
EndProject
Project("{FAE04EC0-301F-11D3-BF4B-00C04F79EFBC}") = "BE.Services", "src\Services\BE.Services\BE.Services.csproj", "{44745C18-CA15-44FB-9D18-A92D86F1B58D}"
EndProject
Project("{2150E333-8FDC-42A3-9474-1A3956D46DE8}") = "Clients", "Clients", "{A23209F4-C4CD-44AC-9B4F-F0334B69D2B6}"
EndProject
Project("{FAE04EC0-301F-11D3-BF4B-00C04F79EFBC}") = "BE.API", "src\Clients\BE.API\BE.API.csproj", "{521FB67D-8A9B-4E75-9BB7-82864DED84F2}"
EndProject
Project("{2150E333-8FDC-42A3-9474-1A3956D46DE8}") = "Infrastructure", "Infrastructure", "{C10A48CE-A849-49E1-974A-45F6BA2AD1CD}"
EndProject
Project("{FAE04EC0-301F-11D3-BF4B-00C04F79EFBC}") = "BE.Infrastructure.SqlServer", "src\Infrastructure\BE.Infrastructure.SqlServer\BE.Infrastructure.SqlServer.csproj", "{1EE52EF7-C70D-410A-9BB0-0304C5938F08}"
EndProject
Project("{FAE04EC0-301F-11D3-BF4B-00C04F79EFBC}") = "BE.Infrastructure.Util", "src\Infrastructure\BE.Infrastructure.Util\BE.Infrastructure.Util.csproj", "{1D1D43CF-CC7A-43A0-82C3-F572A9282099}"
EndProject
Global
	GlobalSection(SolutionConfigurationPlatforms) = preSolution
		Debug|Any CPU = Debug|Any CPU
		Release|Any CPU = Release|Any CPU
	EndGlobalSection
	GlobalSection(SolutionProperties) = preSolution
		HideSolutionNode = FALSE
	EndGlobalSection
	GlobalSection(ProjectConfigurationPlatforms) = postSolution
		{B1FE8CF1-F1C1-4C7A-A8FB-6181EA772A31}.Debug|Any CPU.ActiveCfg = Debug|Any CPU
		{B1FE8CF1-F1C1-4C7A-A8FB-6181EA772A31}.Debug|Any CPU.Build.0 = Debug|Any CPU
		{B1FE8CF1-F1C1-4C7A-A8FB-6181EA772A31}.Release|Any CPU.ActiveCfg = Release|Any CPU
		{B1FE8CF1-F1C1-4C7A-A8FB-6181EA772A31}.Release|Any CPU.Build.0 = Release|Any CPU
		{B145B766-81DC-460B-9788-02C42D357949}.Debug|Any CPU.ActiveCfg = Debug|Any CPU
		{B145B766-81DC-460B-9788-02C42D357949}.Debug|Any CPU.Build.0 = Debug|Any CPU
		{B145B766-81DC-460B-9788-02C42D357949}.Release|Any CPU.ActiveCfg = Release|Any CPU
		{B145B766-81DC-460B-9788-02C42D357949}.Release|Any CPU.Build.0 = Release|Any CPU
		{5F9DC0EA-5386-4B68-8BA8-199B91B5E587}.Debug|Any CPU.ActiveCfg = Debug|Any CPU
		{5F9DC0EA-5386-4B68-8BA8-199B91B5E587}.Debug|Any CPU.Build.0 = Debug|Any CPU
		{5F9DC0EA-5386-4B68-8BA8-199B91B5E587}.Release|Any CPU.ActiveCfg = Release|Any CPU
		{5F9DC0EA-5386-4B68-8BA8-199B91B5E587}.Release|Any CPU.Build.0 = Release|Any CPU
		{659C435B-96D8-4CF4-B023-C19DF1CC6F3B}.Debug|Any CPU.ActiveCfg = Debug|Any CPU
		{659C435B-96D8-4CF4-B023-C19DF1CC6F3B}.Debug|Any CPU.Build.0 = Debug|Any CPU
		{659C435B-96D8-4CF4-B023-C19DF1CC6F3B}.Release|Any CPU.ActiveCfg = Release|Any CPU
		{659C435B-96D8-4CF4-B023-C19DF1CC6F3B}.Release|Any CPU.Build.0 = Release|Any CPU
		{AE6DCB1A-5621-4CD2-86D2-0A17748A2E6D}.Debug|Any CPU.ActiveCfg = Debug|Any CPU
		{AE6DCB1A-5621-4CD2-86D2-0A17748A2E6D}.Debug|Any CPU.Build.0 = Debug|Any CPU
		{AE6DCB1A-5621-4CD2-86D2-0A17748A2E6D}.Release|Any CPU.ActiveCfg = Release|Any CPU
		{AE6DCB1A-5621-4CD2-86D2-0A17748A2E6D}.Release|Any CPU.Build.0 = Release|Any CPU
		{44745C18-CA15-44FB-9D18-A92D86F1B58D}.Debug|Any CPU.ActiveCfg = Debug|Any CPU
		{44745C18-CA15-44FB-9D18-A92D86F1B58D}.Debug|Any CPU.Build.0 = Debug|Any CPU
		{44745C18-CA15-44FB-9D18-A92D86F1B58D}.Release|Any CPU.ActiveCfg = Release|Any CPU
		{44745C18-CA15-44FB-9D18-A92D86F1B58D}.Release|Any CPU.Build.0 = Release|Any CPU
		{521FB67D-8A9B-4E75-9BB7-82864DED84F2}.Debug|Any CPU.ActiveCfg = Debug|Any CPU
		{521FB67D-8A9B-4E75-9BB7-82864DED84F2}.Debug|Any CPU.Build.0 = Debug|Any CPU
		{521FB67D-8A9B-4E75-9BB7-82864DED84F2}.Release|Any CPU.ActiveCfg = Release|Any CPU
		{521FB67D-8A9B-4E75-9BB7-82864DED84F2}.Release|Any CPU.Build.0 = Release|Any CPU
		{1EE52EF7-C70D-410A-9BB0-0304C5938F08}.Debug|Any CPU.ActiveCfg = Debug|Any CPU
		{1EE52EF7-C70D-410A-9BB0-0304C5938F08}.Debug|Any CPU.Build.0 = Debug|Any CPU
		{1EE52EF7-C70D-410A-9BB0-0304C5938F08}.Release|Any CPU.ActiveCfg = Release|Any CPU
		{1EE52EF7-C70D-410A-9BB0-0304C5938F08}.Release|Any CPU.Build.0 = Release|Any CPU
		{1D1D43CF-CC7A-43A0-82C3-F572A9282099}.Debug|Any CPU.ActiveCfg = Debug|Any CPU
		{1D1D43CF-CC7A-43A0-82C3-F572A9282099}.Debug|Any CPU.Build.0 = Debug|Any CPU
		{1D1D43CF-CC7A-43A0-82C3-F572A9282099}.Release|Any CPU.ActiveCfg = Release|Any CPU
		{1D1D43CF-CC7A-43A0-82C3-F572A9282099}.Release|Any CPU.Build.0 = Release|Any CPU
	EndGlobalSection
	GlobalSection(NestedProjects) = preSolution
		{BFF04E94-20A9-4DF9-AFBA-BBE4D19BC032} = {4E5D3DA4-B5D3-4BFA-9A49-BE841D3FBB24}
		{B1FE8CF1-F1C1-4C7A-A8FB-6181EA772A31} = {BFF04E94-20A9-4DF9-AFBA-BBE4D19BC032}
		{332053DD-83A6-4AB3-90EA-FC76122C08F9} = {4E5D3DA4-B5D3-4BFA-9A49-BE841D3FBB24}
		{B145B766-81DC-460B-9788-02C42D357949} = {332053DD-83A6-4AB3-90EA-FC76122C08F9}
		{5F9DC0EA-5386-4B68-8BA8-199B91B5E587} = {332053DD-83A6-4AB3-90EA-FC76122C08F9}
		{AEB7E12A-FBEC-4C30-AA6B-A3D2726188C4} = {4E5D3DA4-B5D3-4BFA-9A49-BE841D3FBB24}
		{659C435B-96D8-4CF4-B023-C19DF1CC6F3B} = {AEB7E12A-FBEC-4C30-AA6B-A3D2726188C4}
		{AE6DCB1A-5621-4CD2-86D2-0A17748A2E6D} = {AEB7E12A-FBEC-4C30-AA6B-A3D2726188C4}
		{692C887A-0150-438D-A6CD-E42E250E3E0F} = {4E5D3DA4-B5D3-4BFA-9A49-BE841D3FBB24}
		{44745C18-CA15-44FB-9D18-A92D86F1B58D} = {692C887A-0150-438D-A6CD-E42E250E3E0F}
		{A23209F4-C4CD-44AC-9B4F-F0334B69D2B6} = {4E5D3DA4-B5D3-4BFA-9A49-BE841D3FBB24}
		{521FB67D-8A9B-4E75-9BB7-82864DED84F2} = {A23209F4-C4CD-44AC-9B4F-F0334B69D2B6}
		{C10A48CE-A849-49E1-974A-45F6BA2AD1CD} = {4E5D3DA4-B5D3-4BFA-9A49-BE841D3FBB24}
		{1EE52EF7-C70D-410A-9BB0-0304C5938F08} = {C10A48CE-A849-49E1-974A-45F6BA2AD1CD}
		{1D1D43CF-CC7A-43A0-82C3-F572A9282099} = {C10A48CE-A849-49E1-974A-45F6BA2AD1CD}
	EndGlobalSection
EndGlobal
